
Microsoft Visual Studio Solution File, Format Version 12.00
# Visual Studio Version 17
VisualStudioVersion = 17.0.31919.166
MinimumVisualStudioVersion = 10.0.40219.1
Project("{FAE04EC0-301F-11D3-BF4B-00C04F79EFBC}") = "WindowsFormsApp1", "WindowsFormsApp1\WindowsFormsApp1.csproj", "{875CE9FF-0DFD-44AD-BF85-E092B0E459F3}"
EndProject
Global
	GlobalSection(SolutionConfigurationPlatforms) = preSolution
		Debug|Any CPU = Debug|Any CPU
		Release|Any CPU = Release|Any CPU
	EndGlobalSection
	GlobalSection(ProjectConfigurationPlatforms) = postSolution
		{875CE9FF-0DFD-44AD-BF85-E092B0E459F3}.Debug|Any CPU.ActiveCfg = Debug|Any CPU
		{875CE9FF-0DFD-44AD-BF85-E092B0E459F3}.Debug|Any CPU.Build.0 = Debug|Any CPU
		{875CE9FF-0DFD-44AD-BF85-E092B0E459F3}.Release|Any CPU.ActiveCfg = Release|Any CPU
		{875CE9FF-0DFD-44AD-BF85-E092B0E459F3}.Release|Any CPU.Build.0 = Release|Any CPU
	EndGlobalSection
	GlobalSection(SolutionProperties) = preSolution
		HideSolutionNode = FALSE
	EndGlobalSection
	GlobalSection(ExtensibilityGlobals) = postSolution
		SolutionGuid = {BE5EBEC6-CB85-4D00-A4D1-39EB38E579D5}
	EndGlobalSection
EndGlobal
